
Microsoft Visual Studio Solution File, Format Version 12.00
# Visual Studio Version 16
VisualStudioVersion = 16.0.31829.152
MinimumVisualStudioVersion = 10.0.40219.1
Project("{2150E333-8FDC-42A3-9474-1A3956D46DE8}") = "compose", "compose", "{5A52201F-E338-4365-8B81-4F5D418D5811}"
	ProjectSection(SolutionItems) = preProject
		.dockerignore = .dockerignore
		docker-compose.yaml = docker-compose.yaml
		README.md = README.md
	EndProjectSection
EndProject
Project("{9A19103F-16F7-4668-BE54-9A1E7A4F7556}") = "API_One", "API_One\API_One.csproj", "{2AC870B5-8916-4B65-97DF-68CA112E5BB2}"
EndProject
Project("{9A19103F-16F7-4668-BE54-9A1E7A4F7556}") = "API_Two", "API_Two\API_Two.csproj", "{5A4BB251-7392-4D00-A784-A78BE69F7E1A}"
EndProject
Project("{2150E333-8FDC-42A3-9474-1A3956D46DE8}") = "envoy", "envoy", "{81CEEEE5-FAA9-4867-8F35-127B90F4CFF5}"
	ProjectSection(SolutionItems) = preProject
		envoy\Dockerfile = envoy\Dockerfile
		envoy\envoy.yaml = envoy\envoy.yaml
	EndProjectSection
EndProject
Project("{2150E333-8FDC-42A3-9474-1A3956D46DE8}") = "ocelot", "ocelot", "{ABB36994-93A5-43DB-9CFB-6221B5CC3FC2}"
EndProject
Project("{2150E333-8FDC-42A3-9474-1A3956D46DE8}") = "envoyDocument", "envoyDocument", "{C1E29BD8-8929-4EDF-A2F8-5E035323CB9D}"
	ProjectSection(SolutionItems) = preProject
		envoyDocument\SettingAndRunning.md = envoyDocument\SettingAndRunning.md
	EndProjectSection
EndProject
Global
	GlobalSection(SolutionConfigurationPlatforms) = preSolution
		Debug|Any CPU = Debug|Any CPU
		Release|Any CPU = Release|Any CPU
	EndGlobalSection
	GlobalSection(ProjectConfigurationPlatforms) = postSolution
		{2AC870B5-8916-4B65-97DF-68CA112E5BB2}.Debug|Any CPU.ActiveCfg = Debug|Any CPU
		{2AC870B5-8916-4B65-97DF-68CA112E5BB2}.Debug|Any CPU.Build.0 = Debug|Any CPU
		{2AC870B5-8916-4B65-97DF-68CA112E5BB2}.Release|Any CPU.ActiveCfg = Release|Any CPU
		{2AC870B5-8916-4B65-97DF-68CA112E5BB2}.Release|Any CPU.Build.0 = Release|Any CPU
		{5A4BB251-7392-4D00-A784-A78BE69F7E1A}.Debug|Any CPU.ActiveCfg = Debug|Any CPU
		{5A4BB251-7392-4D00-A784-A78BE69F7E1A}.Debug|Any CPU.Build.0 = Debug|Any CPU
		{5A4BB251-7392-4D00-A784-A78BE69F7E1A}.Release|Any CPU.ActiveCfg = Release|Any CPU
		{5A4BB251-7392-4D00-A784-A78BE69F7E1A}.Release|Any CPU.Build.0 = Release|Any CPU
	EndGlobalSection
	GlobalSection(SolutionProperties) = preSolution
		HideSolutionNode = FALSE
	EndGlobalSection
	GlobalSection(ExtensibilityGlobals) = postSolution
		SolutionGuid = {FC5495F3-2125-4970-8A30-D561CD568F71}
	EndGlobalSection
EndGlobal
